
Microsoft Visual Studio Solution File, Format Version 12.00
# Visual Studio Version 17
VisualStudioVersion = 17.4.33122.133
MinimumVisualStudioVersion = 10.0.40219.1
Project("{FAE04EC0-301F-11D3-BF4B-00C04F79EFBC}") = "MyFirstCSharpProject", "MyFirstCSharpProject.csproj", "{99B99B87-C759-4348-8E8E-828FD2640DDC}"
EndProject
Global
	GlobalSection(SolutionConfigurationPlatforms) = preSolution
		Debug|Any CPU = Debug|Any CPU
		Release|Any CPU = Release|Any CPU
	EndGlobalSection
	GlobalSection(ProjectConfigurationPlatforms) = postSolution
		{99B99B87-C759-4348-8E8E-828FD2640DDC}.Debug|Any CPU.ActiveCfg = Debug|Any CPU
		{99B99B87-C759-4348-8E8E-828FD2640DDC}.Debug|Any CPU.Build.0 = Debug|Any CPU
		{99B99B87-C759-4348-8E8E-828FD2640DDC}.Release|Any CPU.ActiveCfg = Release|Any CPU
		{99B99B87-C759-4348-8E8E-828FD2640DDC}.Release|Any CPU.Build.0 = Release|Any CPU
	EndGlobalSection
	GlobalSection(SolutionProperties) = preSolution
		HideSolutionNode = FALSE
	EndGlobalSection
	GlobalSection(ExtensibilityGlobals) = postSolution
		SolutionGuid = {D7ED090B-5AC3-4CA7-A9BE-A48178474EB2}
	EndGlobalSection
EndGlobal
